
Microsoft Visual Studio Solution File, Format Version 12.00
# Visual Studio Version 16
VisualStudioVersion = 16.0.31424.327
MinimumVisualStudioVersion = 10.0.40219.1
Project("{FAE04EC0-301F-11D3-BF4B-00C04F79EFBC}") = "xadrex-console", "xadrex-console\xadrex-console.csproj", "{92097CEC-08D5-4548-8715-7A32577BC91C}"
EndProject
Global
	GlobalSection(SolutionConfigurationPlatforms) = preSolution
		Debug|Any CPU = Debug|Any CPU
		Release|Any CPU = Release|Any CPU
	EndGlobalSection
	GlobalSection(ProjectConfigurationPlatforms) = postSolution
		{92097CEC-08D5-4548-8715-7A32577BC91C}.Debug|Any CPU.ActiveCfg = Debug|Any CPU
		{92097CEC-08D5-4548-8715-7A32577BC91C}.Debug|Any CPU.Build.0 = Debug|Any CPU
		{92097CEC-08D5-4548-8715-7A32577BC91C}.Release|Any CPU.ActiveCfg = Release|Any CPU
		{92097CEC-08D5-4548-8715-7A32577BC91C}.Release|Any CPU.Build.0 = Release|Any CPU
	EndGlobalSection
	GlobalSection(SolutionProperties) = preSolution
		HideSolutionNode = FALSE
	EndGlobalSection
	GlobalSection(ExtensibilityGlobals) = postSolution
		SolutionGuid = {835EB5AC-6980-4915-87DC-97722ECDEF3F}
	EndGlobalSection
EndGlobal
